// !$*UTF8*$!
{
	archiveVersion = 1;
	classes = {
	};
	objectVersion = 46;
	objects = {

/* Begin PBXBuildFile section */
		0F771F5019D74C100089F8BB /* DebugViewController.swift in Sources */ = {isa = PBXBuildFile; fileRef = 0F771F4F19D74C100089F8BB /* DebugViewController.swift */; };
		0F771F5419D750100089F8BB /* NetworkManager.swift in Sources */ = {isa = PBXBuildFile; fileRef = 0F771F5319D750100089F8BB /* NetworkManager.swift */; };
		5095D22719D74A8A00F409DB /* AppDelegate.swift in Sources */ = {isa = PBXBuildFile; fileRef = 5095D22619D74A8A00F409DB /* AppDelegate.swift */; };
		5095D22A19D74A8A00F409DB /* gibson.xcdatamodeld in Sources */ = {isa = PBXBuildFile; fileRef = 5095D22819D74A8A00F409DB /* gibson.xcdatamodeld */; };
		5095D22C19D74A8A00F409DB /* ViewController.swift in Sources */ = {isa = PBXBuildFile; fileRef = 5095D22B19D74A8A00F409DB /* ViewController.swift */; };
		5095D22F19D74A8A00F409DB /* Main.storyboard in Resources */ = {isa = PBXBuildFile; fileRef = 5095D22D19D74A8A00F409DB /* Main.storyboard */; };
		5095D23119D74A8A00F409DB /* Images.xcassets in Resources */ = {isa = PBXBuildFile; fileRef = 5095D23019D74A8A00F409DB /* Images.xcassets */; };
		5095D23419D74A8A00F409DB /* LaunchScreen.xib in Resources */ = {isa = PBXBuildFile; fileRef = 5095D23219D74A8A00F409DB /* LaunchScreen.xib */; };
		5095D24019D74A8A00F409DB /* gibsonTests.swift in Sources */ = {isa = PBXBuildFile; fileRef = 5095D23F19D74A8A00F409DB /* gibsonTests.swift */; };
		7386916C19D76E7A003DD4CC /* Game.storyboard in Resources */ = {isa = PBXBuildFile; fileRef = 7386916A19D76E7A003DD4CC /* Game.storyboard */; };
		7386916E19D76E81003DD4CC /* SearchingViewController.swift in Sources */ = {isa = PBXBuildFile; fileRef = 7386916D19D76E81003DD4CC /* SearchingViewController.swift */; };
		7386917019D781FF003DD4CC /* DefendViewController.swift in Sources */ = {isa = PBXBuildFile; fileRef = 7386916F19D781FF003DD4CC /* DefendViewController.swift */; };
		7386917219D79372003DD4CC /* HackViewController.swift in Sources */ = {isa = PBXBuildFile; fileRef = 7386917119D79372003DD4CC /* HackViewController.swift */; };
/* End PBXBuildFile section */

/* Begin PBXContainerItemProxy section */
		5095D23A19D74A8A00F409DB /* PBXContainerItemProxy */ = {
			isa = PBXContainerItemProxy;
			containerPortal = 5095D21919D74A8A00F409DB /* Project object */;
			proxyType = 1;
			remoteGlobalIDString = 5095D22019D74A8A00F409DB;
			remoteInfo = gibson;
		};
/* End PBXContainerItemProxy section */

/* Begin PBXFileReference section */
		0F771F4F19D74C100089F8BB /* DebugViewController.swift */ = {isa = PBXFileReference; fileEncoding = 4; lastKnownFileType = sourcecode.swift; name = DebugViewController.swift; path = Controller/DebugViewController.swift; sourceTree = "<group>"; };
		0F771F5319D750100089F8BB /* NetworkManager.swift */ = {isa = PBXFileReference; fileEncoding = 4; lastKnownFileType = sourcecode.swift; name = NetworkManager.swift; path = Controller/NetworkManager.swift; sourceTree = "<group>"; };
		5095D22119D74A8A00F409DB /* gibson.app */ = {isa = PBXFileReference; explicitFileType = wrapper.application; includeInIndex = 0; path = gibson.app; sourceTree = BUILT_PRODUCTS_DIR; };
		5095D22519D74A8A00F409DB /* Info.plist */ = {isa = PBXFileReference; lastKnownFileType = text.plist.xml; path = Info.plist; sourceTree = "<group>"; };
		5095D22619D74A8A00F409DB /* AppDelegate.swift */ = {isa = PBXFileReference; lastKnownFileType = sourcecode.swift; path = AppDelegate.swift; sourceTree = "<group>"; };
		5095D22919D74A8A00F409DB /* gibson.xcdatamodel */ = {isa = PBXFileReference; lastKnownFileType = wrapper.xcdatamodel; path = gibson.xcdatamodel; sourceTree = "<group>"; };
		5095D22B19D74A8A00F409DB /* ViewController.swift */ = {isa = PBXFileReference; lastKnownFileType = sourcecode.swift; path = ViewController.swift; sourceTree = "<group>"; };
		5095D22E19D74A8A00F409DB /* Base */ = {isa = PBXFileReference; lastKnownFileType = file.storyboard; name = Base; path = Base.lproj/Main.storyboard; sourceTree = "<group>"; };
		5095D23019D74A8A00F409DB /* Images.xcassets */ = {isa = PBXFileReference; lastKnownFileType = folder.assetcatalog; path = Images.xcassets; sourceTree = "<group>"; };
		5095D23319D74A8A00F409DB /* Base */ = {isa = PBXFileReference; lastKnownFileType = file.xib; name = Base; path = Base.lproj/LaunchScreen.xib; sourceTree = "<group>"; };
		5095D23919D74A8A00F409DB /* gibsonTests.xctest */ = {isa = PBXFileReference; explicitFileType = wrapper.cfbundle; includeInIndex = 0; path = gibsonTests.xctest; sourceTree = BUILT_PRODUCTS_DIR; };
		5095D23E19D74A8A00F409DB /* Info.plist */ = {isa = PBXFileReference; lastKnownFileType = text.plist.xml; path = Info.plist; sourceTree = "<group>"; };
		5095D23F19D74A8A00F409DB /* gibsonTests.swift */ = {isa = PBXFileReference; lastKnownFileType = sourcecode.swift; path = gibsonTests.swift; sourceTree = "<group>"; };
		7386916B19D76E7A003DD4CC /* Base */ = {isa = PBXFileReference; lastKnownFileType = file.storyboard; name = Base; path = Base.lproj/Game.storyboard; sourceTree = "<group>"; };
		7386916D19D76E81003DD4CC /* SearchingViewController.swift */ = {isa = PBXFileReference; fileEncoding = 4; lastKnownFileType = sourcecode.swift; path = SearchingViewController.swift; sourceTree = "<group>"; };
		7386916F19D781FF003DD4CC /* DefendViewController.swift */ = {isa = PBXFileReference; fileEncoding = 4; lastKnownFileType = sourcecode.swift; path = DefendViewController.swift; sourceTree = "<group>"; };
		7386917119D79372003DD4CC /* HackViewController.swift */ = {isa = PBXFileReference; fileEncoding = 4; lastKnownFileType = sourcecode.swift; path = HackViewController.swift; sourceTree = "<group>"; };
/* End PBXFileReference section */

/* Begin PBXFrameworksBuildPhase section */
		5095D21E19D74A8A00F409DB /* Frameworks */ = {
			isa = PBXFrameworksBuildPhase;
			buildActionMask = 2147483647;
			files = (
			);
			runOnlyForDeploymentPostprocessing = 0;
		};
		5095D23619D74A8A00F409DB /* Frameworks */ = {
			isa = PBXFrameworksBuildPhase;
			buildActionMask = 2147483647;
			files = (
			);
			runOnlyForDeploymentPostprocessing = 0;
		};
/* End PBXFrameworksBuildPhase section */

/* Begin PBXGroup section */
		0F771F4C19D74B4E0089F8BB /* View */ = {
			isa = PBXGroup;
			children = (
				5095D23219D74A8A00F409DB /* LaunchScreen.xib */,
				7386916A19D76E7A003DD4CC /* Game.storyboard */,
				5095D22D19D74A8A00F409DB /* Main.storyboard */,
			);
			name = View;
			sourceTree = "<group>";
		};
		0F771F4D19D74B530089F8BB /* Controller */ = {
			isa = PBXGroup;
			children = (
				0F771F5319D750100089F8BB /* NetworkManager.swift */,
				0F771F4F19D74C100089F8BB /* DebugViewController.swift */,
				5095D22619D74A8A00F409DB /* AppDelegate.swift */,
				5095D22B19D74A8A00F409DB /* ViewController.swift */,
				7386916D19D76E81003DD4CC /* SearchingViewController.swift */,
				7386916F19D781FF003DD4CC /* DefendViewController.swift */,
				7386917119D79372003DD4CC /* HackViewController.swift */,
			);
			name = Controller;
			sourceTree = "<group>";
		};
		0F771F4E19D74B580089F8BB /* Model */ = {
			isa = PBXGroup;
			children = (
				5095D22819D74A8A00F409DB /* gibson.xcdatamodeld */,
			);
			name = Model;
			sourceTree = "<group>";
		};
		5095D21819D74A8A00F409DB = {
			isa = PBXGroup;
			children = (
				5095D22319D74A8A00F409DB /* gibson */,
				5095D23C19D74A8A00F409DB /* gibsonTests */,
				5095D22219D74A8A00F409DB /* Products */,
			);
			sourceTree = "<group>";
		};
		5095D22219D74A8A00F409DB /* Products */ = {
			isa = PBXGroup;
			children = (
				5095D22119D74A8A00F409DB /* gibson.app */,
				5095D23919D74A8A00F409DB /* gibsonTests.xctest */,
			);
			name = Products;
			sourceTree = "<group>";
		};
		5095D22319D74A8A00F409DB /* gibson */ = {
			isa = PBXGroup;
			children = (
				5095D23019D74A8A00F409DB /* Images.xcassets */,
				0F771F4E19D74B580089F8BB /* Model */,
				0F771F4D19D74B530089F8BB /* Controller */,
				0F771F4C19D74B4E0089F8BB /* View */,
				5095D22419D74A8A00F409DB /* Supporting Files */,
			);
			path = gibson;
			sourceTree = "<group>";
		};
		5095D22419D74A8A00F409DB /* Supporting Files */ = {
			isa = PBXGroup;
			children = (
				5095D22519D74A8A00F409DB /* Info.plist */,
			);
			name = "Supporting Files";
			sourceTree = "<group>";
		};
		5095D23C19D74A8A00F409DB /* gibsonTests */ = {
			isa = PBXGroup;
			children = (
				5095D23F19D74A8A00F409DB /* gibsonTests.swift */,
				5095D23D19D74A8A00F409DB /* Supporting Files */,
			);
			path = gibsonTests;
			sourceTree = "<group>";
		};
		5095D23D19D74A8A00F409DB /* Supporting Files */ = {
			isa = PBXGroup;
			children = (
				5095D23E19D74A8A00F409DB /* Info.plist */,
			);
			name = "Supporting Files";
			sourceTree = "<group>";
		};
/* End PBXGroup section */

/* Begin PBXNativeTarget section */
		5095D22019D74A8A00F409DB /* gibson */ = {
			isa = PBXNativeTarget;
			buildConfigurationList = 5095D24319D74A8A00F409DB /* Build configuration list for PBXNativeTarget "gibson" */;
			buildPhases = (
				5095D21D19D74A8A00F409DB /* Sources */,
				5095D21E19D74A8A00F409DB /* Frameworks */,
				5095D21F19D74A8A00F409DB /* Resources */,
			);
			buildRules = (
			);
			dependencies = (
			);
			name = gibson;
			productName = gibson;
			productReference = 5095D22119D74A8A00F409DB /* gibson.app */;
			productType = "com.apple.product-type.application";
		};
		5095D23819D74A8A00F409DB /* gibsonTests */ = {
			isa = PBXNativeTarget;
			buildConfigurationList = 5095D24619D74A8A00F409DB /* Build configuration list for PBXNativeTarget "gibsonTests" */;
			buildPhases = (
				5095D23519D74A8A00F409DB /* Sources */,
				5095D23619D74A8A00F409DB /* Frameworks */,
				5095D23719D74A8A00F409DB /* Resources */,
			);
			buildRules = (
			);
			dependencies = (
				5095D23B19D74A8A00F409DB /* PBXTargetDependency */,
			);
			name = gibsonTests;
			productName = gibsonTests;
			productReference = 5095D23919D74A8A00F409DB /* gibsonTests.xctest */;
			productType = "com.apple.product-type.bundle.unit-test";
		};
/* End PBXNativeTarget section */

/* Begin PBXProject section */
		5095D21919D74A8A00F409DB /* Project object */ = {
			isa = PBXProject;
			attributes = {
				LastUpgradeCheck = 0600;
				ORGANIZATIONNAME = gibson;
				TargetAttributes = {
					5095D22019D74A8A00F409DB = {
						CreatedOnToolsVersion = 6.0;
						DevelopmentTeam = UB37VMGP6E;
					};
					5095D23819D74A8A00F409DB = {
						CreatedOnToolsVersion = 6.0;
						TestTargetID = 5095D22019D74A8A00F409DB;
					};
				};
			};
			buildConfigurationList = 5095D21C19D74A8A00F409DB /* Build configuration list for PBXProject "gibson" */;
			compatibilityVersion = "Xcode 3.2";
			developmentRegion = English;
			hasScannedForEncodings = 0;
			knownRegions = (
				en,
				Base,
			);
			mainGroup = 5095D21819D74A8A00F409DB;
			productRefGroup = 5095D22219D74A8A00F409DB /* Products */;
			projectDirPath = "";
			projectRoot = "";
			targets = (
				5095D22019D74A8A00F409DB /* gibson */,
				5095D23819D74A8A00F409DB /* gibsonTests */,
			);
		};
/* End PBXProject section */

/* Begin PBXResourcesBuildPhase section */
		5095D21F19D74A8A00F409DB /* Resources */ = {
			isa = PBXResourcesBuildPhase;
			buildActionMask = 2147483647;
			files = (
				7386916C19D76E7A003DD4CC /* Game.storyboard in Resources */,
				5095D22F19D74A8A00F409DB /* Main.storyboard in Resources */,
				5095D23419D74A8A00F409DB /* LaunchScreen.xib in Resources */,
				5095D23119D74A8A00F409DB /* Images.xcassets in Resources */,
			);
			runOnlyForDeploymentPostprocessing = 0;
		};
		5095D23719D74A8A00F409DB /* Resources */ = {
			isa = PBXResourcesBuildPhase;
			buildActionMask = 2147483647;
			files = (
			);
			runOnlyForDeploymentPostprocessing = 0;
		};
/* End PBXResourcesBuildPhase section */

/* Begin PBXSourcesBuildPhase section */
		5095D21D19D74A8A00F409DB /* Sources */ = {
			isa = PBXSourcesBuildPhase;
			buildActionMask = 2147483647;
			files = (
				5095D22C19D74A8A00F409DB /* ViewController.swift in Sources */,
				7386917219D79372003DD4CC /* HackViewController.swift in Sources */,
				5095D22719D74A8A00F409DB /* AppDelegate.swift in Sources */,
				7386917019D781FF003DD4CC /* DefendViewController.swift in Sources */,
				0F771F5419D750100089F8BB /* NetworkManager.swift in Sources */,
				7386916E19D76E81003DD4CC /* SearchingViewController.swift in Sources */,
				0F771F5019D74C100089F8BB /* DebugViewController.swift in Sources */,
				5095D22A19D74A8A00F409DB /* gibson.xcdatamodeld in Sources */,
			);
			runOnlyForDeploymentPostprocessing = 0;
		};
		5095D23519D74A8A00F409DB /* Sources */ = {
			isa = PBXSourcesBuildPhase;
			buildActionMask = 2147483647;
			files = (
				5095D24019D74A8A00F409DB /* gibsonTests.swift in Sources */,
			);
			runOnlyForDeploymentPostprocessing = 0;
		};
/* End PBXSourcesBuildPhase section */

/* Begin PBXTargetDependency section */
		5095D23B19D74A8A00F409DB /* PBXTargetDependency */ = {
			isa = PBXTargetDependency;
			target = 5095D22019D74A8A00F409DB /* gibson */;
			targetProxy = 5095D23A19D74A8A00F409DB /* PBXContainerItemProxy */;
		};
/* End PBXTargetDependency section */

/* Begin PBXVariantGroup section */
		5095D22D19D74A8A00F409DB /* Main.storyboard */ = {
			isa = PBXVariantGroup;
			children = (
				5095D22E19D74A8A00F409DB /* Base */,
			);
			name = Main.storyboard;
			sourceTree = "<group>";
		};
		5095D23219D74A8A00F409DB /* LaunchScreen.xib */ = {
			isa = PBXVariantGroup;
			children = (
				5095D23319D74A8A00F409DB /* Base */,
			);
			name = LaunchScreen.xib;
			sourceTree = "<group>";
		};
		7386916A19D76E7A003DD4CC /* Game.storyboard */ = {
			isa = PBXVariantGroup;
			children = (
				7386916B19D76E7A003DD4CC /* Base */,
			);
			name = Game.storyboard;
			sourceTree = "<group>";
		};
/* End PBXVariantGroup section */

/* Begin XCBuildConfiguration section */
		5095D24119D74A8A00F409DB /* Debug */ = {
			isa = XCBuildConfiguration;
			buildSettings = {
				ALWAYS_SEARCH_USER_PATHS = NO;
				CLANG_CXX_LANGUAGE_STANDARD = "gnu++0x";
				CLANG_CXX_LIBRARY = "libc++";
				CLANG_ENABLE_MODULES = YES;
				CLANG_ENABLE_OBJC_ARC = YES;
				CLANG_WARN_BOOL_CONVERSION = YES;
				CLANG_WARN_CONSTANT_CONVERSION = YES;
				CLANG_WARN_DIRECT_OBJC_ISA_USAGE = YES_ERROR;
				CLANG_WARN_EMPTY_BODY = YES;
				CLANG_WARN_ENUM_CONVERSION = YES;
				CLANG_WARN_INT_CONVERSION = YES;
				CLANG_WARN_OBJC_ROOT_CLASS = YES_ERROR;
				CLANG_WARN_UNREACHABLE_CODE = YES;
				CLANG_WARN__DUPLICATE_METHOD_MATCH = YES;
				"CODE_SIGN_IDENTITY[sdk=iphoneos*]" = "iPhone Developer";
				COPY_PHASE_STRIP = NO;
				ENABLE_STRICT_OBJC_MSGSEND = YES;
				GCC_C_LANGUAGE_STANDARD = gnu99;
				GCC_DYNAMIC_NO_PIC = NO;
				GCC_OPTIMIZATION_LEVEL = 0;
				GCC_PREPROCESSOR_DEFINITIONS = (
					"DEBUG=1",
					"$(inherited)",
				);
				GCC_SYMBOLS_PRIVATE_EXTERN = NO;
				GCC_WARN_64_TO_32_BIT_CONVERSION = YES;
				GCC_WARN_ABOUT_RETURN_TYPE = YES_ERROR;
				GCC_WARN_UNDECLARED_SELECTOR = YES;
				GCC_WARN_UNINITIALIZED_AUTOS = YES_AGGRESSIVE;
				GCC_WARN_UNUSED_FUNCTION = YES;
				GCC_WARN_UNUSED_VARIABLE = YES;
				IPHONEOS_DEPLOYMENT_TARGET = 8.0;
				MTL_ENABLE_DEBUG_INFO = YES;
				ONLY_ACTIVE_ARCH = YES;
				SDKROOT = iphoneos;
				SWIFT_OPTIMIZATION_LEVEL = "-Onone";
			};
			name = Debug;
		};
		5095D24219D74A8A00F409DB /* Release */ = {
			isa = XCBuildConfiguration;
			buildSettings = {
				ALWAYS_SEARCH_USER_PATHS = NO;
				CLANG_CXX_LANGUAGE_STANDARD = "gnu++0x";
				CLANG_CXX_LIBRARY = "libc++";
				CLANG_ENABLE_MODULES = YES;
				CLANG_ENABLE_OBJC_ARC = YES;
				CLANG_WARN_BOOL_CONVERSION = YES;
				CLANG_WARN_CONSTANT_CONVERSION = YES;
				CLANG_WARN_DIRECT_OBJC_ISA_USAGE = YES_ERROR;
				CLANG_WARN_EMPTY_BODY = YES;
				CLANG_WARN_ENUM_CONVERSION = YES;
				CLANG_WARN_INT_CONVERSION = YES;
				CLANG_WARN_OBJC_ROOT_CLASS = YES_ERROR;
				CLANG_WARN_UNREACHABLE_CODE = YES;
				CLANG_WARN__DUPLICATE_METHOD_MATCH = YES;
				"CODE_SIGN_IDENTITY[sdk=iphoneos*]" = "iPhone Developer";
				COPY_PHASE_STRIP = YES;
				ENABLE_NS_ASSERTIONS = NO;
				ENABLE_STRICT_OBJC_MSGSEND = YES;
				GCC_C_LANGUAGE_STANDARD = gnu99;
				GCC_WARN_64_TO_32_BIT_CONVERSION = YES;
				GCC_WARN_ABOUT_RETURN_TYPE = YES_ERROR;
				GCC_WARN_UNDECLARED_SELECTOR = YES;
				GCC_WARN_UNINITIALIZED_AUTOS = YES_AGGRESSIVE;
				GCC_WARN_UNUSED_FUNCTION = YES;
				GCC_WARN_UNUSED_VARIABLE = YES;
				IPHONEOS_DEPLOYMENT_TARGET = 8.0;
				MTL_ENABLE_DEBUG_INFO = NO;
				SDKROOT = iphoneos;
				VALIDATE_PRODUCT = YES;
			};
			name = Release;
		};
		5095D24419D74A8A00F409DB /* Debug */ = {
			isa = XCBuildConfiguration;
			buildSettings = {
				ASSETCATALOG_COMPILER_APPICON_NAME = AppIcon;
				CODE_SIGN_IDENTITY = "iPhone Developer";
				"CODE_SIGN_IDENTITY[sdk=iphoneos*]" = "iPhone Developer";
				INFOPLIST_FILE = gibson/Info.plist;
				IPHONEOS_DEPLOYMENT_TARGET = 7.0;
				LD_RUNPATH_SEARCH_PATHS = "$(inherited) @executable_path/Frameworks";
				PRODUCT_NAME = "$(TARGET_NAME)";
				PROVISIONING_PROFILE = "";
			};
			name = Debug;
		};
		5095D24519D74A8A00F409DB /* Release */ = {
			isa = XCBuildConfiguration;
			buildSettings = {
				ASSETCATALOG_COMPILER_APPICON_NAME = AppIcon;
				CODE_SIGN_IDENTITY = "iPhone Developer";
				"CODE_SIGN_IDENTITY[sdk=iphoneos*]" = "iPhone Developer";
				INFOPLIST_FILE = gibson/Info.plist;
				IPHONEOS_DEPLOYMENT_TARGET = 7.0;
				LD_RUNPATH_SEARCH_PATHS = "$(inherited) @executable_path/Frameworks";
				PRODUCT_NAME = "$(TARGET_NAME)";
				PROVISIONING_PROFILE = "";
			};
			name = Release;
		};
		5095D24719D74A8A00F409DB /* Debug */ = {
			isa = XCBuildConfiguration;
			buildSettings = {
				BUNDLE_LOADER = "$(TEST_HOST)";
				FRAMEWORK_SEARCH_PATHS = (
					"$(SDKROOT)/Developer/Library/Frameworks",
					"$(inherited)",
				);
				GCC_PREPROCESSOR_DEFINITIONS = (
					"DEBUG=1",
					"$(inherited)",
				);
				INFOPLIST_FILE = gibsonTests/Info.plist;
				LD_RUNPATH_SEARCH_PATHS = "$(inherited) @executable_path/Frameworks @loader_path/Frameworks";
				PRODUCT_NAME = "$(TARGET_NAME)";
				TEST_HOST = "$(BUILT_PRODUCTS_DIR)/gibson.app/gibson";
			};
			name = Debug;
		};
		5095D24819D74A8A00F409DB /* Release */ = {
			isa = XCBuildConfiguration;
			buildSettings = {
				BUNDLE_LOADER = "$(TEST_HOST)";
				FRAMEWORK_SEARCH_PATHS = (
					"$(SDKROOT)/Developer/Library/Frameworks",
					"$(inherited)",
				);
				INFOPLIST_FILE = gibsonTests/Info.plist;
				LD_RUNPATH_SEARCH_PATHS = "$(inherited) @executable_path/Frameworks @loader_path/Frameworks";
				PRODUCT_NAME = "$(TARGET_NAME)";
				TEST_HOST = "$(BUILT_PRODUCTS_DIR)/gibson.app/gibson";
			};
			name = Release;
		};
/* End XCBuildConfiguration section */

/* Begin XCConfigurationList section */
		5095D21C19D74A8A00F409DB /* Build configuration list for PBXProject "gibson" */ = {
			isa = XCConfigurationList;
			buildConfigurations = (
				5095D24119D74A8A00F409DB /* Debug */,
				5095D24219D74A8A00F409DB /* Release */,
			);
			defaultConfigurationIsVisible = 0;
			defaultConfigurationName = Release;
		};
		5095D24319D74A8A00F409DB /* Build configuration list for PBXNativeTarget "gibson" */ = {
			isa = XCConfigurationList;
			buildConfigurations = (
				5095D24419D74A8A00F409DB /* Debug */,
				5095D24519D74A8A00F409DB /* Release */,
			);
			defaultConfigurationIsVisible = 0;
			defaultConfigurationName = Release;
		};
		5095D24619D74A8A00F409DB /* Build configuration list for PBXNativeTarget "gibsonTests" */ = {
			isa = XCConfigurationList;
			buildConfigurations = (
				5095D24719D74A8A00F409DB /* Debug */,
				5095D24819D74A8A00F409DB /* Release */,
			);
			defaultConfigurationIsVisible = 0;
			defaultConfigurationName = Release;
		};
/* End XCConfigurationList section */

/* Begin XCVersionGroup section */
		5095D22819D74A8A00F409DB /* gibson.xcdatamodeld */ = {
			isa = XCVersionGroup;
			children = (
				5095D22919D74A8A00F409DB /* gibson.xcdatamodel */,
			);
			currentVersion = 5095D22919D74A8A00F409DB /* gibson.xcdatamodel */;
			path = gibson.xcdatamodeld;
			sourceTree = "<group>";
			versionGroupType = wrapper.xcdatamodel;
		};
/* End XCVersionGroup section */
	};
	rootObject = 5095D21919D74A8A00F409DB /* Project object */;
}
